
Microsoft Visual Studio Solution File, Format Version 12.00
# Visual Studio Version 17
VisualStudioVersion = 17.0.31903.59
MinimumVisualStudioVersion = 10.0.40219.1
Project("{FAE04EC0-301F-11D3-BF4B-00C04F79EFBC}") = "CRIF_API.Client", "CRIF_API.Client\CRIF_API.Client.csproj", "{B4C740EB-81FA-4FFB-A9F4-16C44BDBBF32}"
EndProject
Project("{FAE04EC0-301F-11D3-BF4B-00C04F79EFBC}") = "CRIF_API.Examples", "CRIF_API.Examples\CRIF_API.Examples.csproj", "{17B75609-DF3B-430C-A446-23E32ACE28AD}"
EndProject
Global
	GlobalSection(SolutionConfigurationPlatforms) = preSolution
		Debug|Any CPU = Debug|Any CPU
		Debug|x64 = Debug|x64
		Debug|x86 = Debug|x86
		Release|Any CPU = Release|Any CPU
		Release|x64 = Release|x64
		Release|x86 = Release|x86
	EndGlobalSection
	GlobalSection(ProjectConfigurationPlatforms) = postSolution
		{B4C740EB-81FA-4FFB-A9F4-16C44BDBBF32}.Debug|Any CPU.ActiveCfg = Debug|Any CPU
		{B4C740EB-81FA-4FFB-A9F4-16C44BDBBF32}.Debug|Any CPU.Build.0 = Debug|Any CPU
		{B4C740EB-81FA-4FFB-A9F4-16C44BDBBF32}.Debug|x64.ActiveCfg = Debug|Any CPU
		{B4C740EB-81FA-4FFB-A9F4-16C44BDBBF32}.Debug|x64.Build.0 = Debug|Any CPU
		{B4C740EB-81FA-4FFB-A9F4-16C44BDBBF32}.Debug|x86.ActiveCfg = Debug|Any CPU
		{B4C740EB-81FA-4FFB-A9F4-16C44BDBBF32}.Debug|x86.Build.0 = Debug|Any CPU
		{B4C740EB-81FA-4FFB-A9F4-16C44BDBBF32}.Release|Any CPU.ActiveCfg = Release|Any CPU
		{B4C740EB-81FA-4FFB-A9F4-16C44BDBBF32}.Release|Any CPU.Build.0 = Release|Any CPU
		{B4C740EB-81FA-4FFB-A9F4-16C44BDBBF32}.Release|x64.ActiveCfg = Release|Any CPU
		{B4C740EB-81FA-4FFB-A9F4-16C44BDBBF32}.Release|x64.Build.0 = Release|Any CPU
		{B4C740EB-81FA-4FFB-A9F4-16C44BDBBF32}.Release|x86.ActiveCfg = Release|Any CPU
		{B4C740EB-81FA-4FFB-A9F4-16C44BDBBF32}.Release|x86.Build.0 = Release|Any CPU
		{17B75609-DF3B-430C-A446-23E32ACE28AD}.Debug|Any CPU.ActiveCfg = Debug|Any CPU
		{17B75609-DF3B-430C-A446-23E32ACE28AD}.Debug|Any CPU.Build.0 = Debug|Any CPU
		{17B75609-DF3B-430C-A446-23E32ACE28AD}.Debug|x64.ActiveCfg = Debug|Any CPU
		{17B75609-DF3B-430C-A446-23E32ACE28AD}.Debug|x64.Build.0 = Debug|Any CPU
		{17B75609-DF3B-430C-A446-23E32ACE28AD}.Debug|x86.ActiveCfg = Debug|Any CPU
		{17B75609-DF3B-430C-A446-23E32ACE28AD}.Debug|x86.Build.0 = Debug|Any CPU
		{17B75609-DF3B-430C-A446-23E32ACE28AD}.Release|Any CPU.ActiveCfg = Release|Any CPU
		{17B75609-DF3B-430C-A446-23E32ACE28AD}.Release|Any CPU.Build.0 = Release|Any CPU
		{17B75609-DF3B-430C-A446-23E32ACE28AD}.Release|x64.ActiveCfg = Release|Any CPU
		{17B75609-DF3B-430C-A446-23E32ACE28AD}.Release|x64.Build.0 = Release|Any CPU
		{17B75609-DF3B-430C-A446-23E32ACE28AD}.Release|x86.ActiveCfg = Release|Any CPU
		{17B75609-DF3B-430C-A446-23E32ACE28AD}.Release|x86.Build.0 = Release|Any CPU
	EndGlobalSection
	GlobalSection(SolutionProperties) = preSolution
		HideSolutionNode = FALSE
	EndGlobalSection
EndGlobal
